
Microsoft Visual Studio Solution File, Format Version 12.00
# Visual Studio Version 17
VisualStudioVersion = 17.0.31903.59
MinimumVisualStudioVersion = 10.0.40219.1
Project("{2150E333-8FDC-42A3-9474-1A3956D46DE8}") = "src", "src", "{827E0CD3-B72D-47B6-A68D-7590B98EB39B}"
EndProject
Project("{FAE04EC0-301F-11D3-BF4B-00C04F79EFBC}") = "App", "src\App\App.csproj", "{1B840BDB-94DB-4594-911C-9EF11C69DC80}"
EndProject
Project("{FAE04EC0-301F-11D3-BF4B-00C04F79EFBC}") = "Core", "src\Core\Core.csproj", "{EB174194-D4F2-415B-9806-8719A24CB6F3}"
EndProject
Project("{2150E333-8FDC-42A3-9474-1A3956D46DE8}") = "tests", "tests", "{0AB3BF05-4346-4AA6-1389-037BE0695223}"
EndProject
Project("{FAE04EC0-301F-11D3-BF4B-00C04F79EFBC}") = "SmartTaskerMini.Tests", "tests\SmartTaskerMini.Tests\SmartTaskerMini.Tests.csproj", "{CCD39EBA-7ABD-4BB7-843C-28790157FCB6}"
EndProject
Global
	GlobalSection(SolutionConfigurationPlatforms) = preSolution
		Debug|Any CPU = Debug|Any CPU
		Debug|x64 = Debug|x64
		Debug|x86 = Debug|x86
		Release|Any CPU = Release|Any CPU
		Release|x64 = Release|x64
		Release|x86 = Release|x86
	EndGlobalSection
	GlobalSection(ProjectConfigurationPlatforms) = postSolution
		{1B840BDB-94DB-4594-911C-9EF11C69DC80}.Debug|Any CPU.ActiveCfg = Debug|Any CPU
		{1B840BDB-94DB-4594-911C-9EF11C69DC80}.Debug|Any CPU.Build.0 = Debug|Any CPU
		{1B840BDB-94DB-4594-911C-9EF11C69DC80}.Debug|x64.ActiveCfg = Debug|Any CPU
		{1B840BDB-94DB-4594-911C-9EF11C69DC80}.Debug|x64.Build.0 = Debug|Any CPU
		{1B840BDB-94DB-4594-911C-9EF11C69DC80}.Debug|x86.ActiveCfg = Debug|Any CPU
		{1B840BDB-94DB-4594-911C-9EF11C69DC80}.Debug|x86.Build.0 = Debug|Any CPU
		{1B840BDB-94DB-4594-911C-9EF11C69DC80}.Release|Any CPU.ActiveCfg = Release|Any CPU
		{1B840BDB-94DB-4594-911C-9EF11C69DC80}.Release|Any CPU.Build.0 = Release|Any CPU
		{1B840BDB-94DB-4594-911C-9EF11C69DC80}.Release|x64.ActiveCfg = Release|Any CPU
		{1B840BDB-94DB-4594-911C-9EF11C69DC80}.Release|x64.Build.0 = Release|Any CPU
		{1B840BDB-94DB-4594-911C-9EF11C69DC80}.Release|x86.ActiveCfg = Release|Any CPU
		{1B840BDB-94DB-4594-911C-9EF11C69DC80}.Release|x86.Build.0 = Release|Any CPU
		{EB174194-D4F2-415B-9806-8719A24CB6F3}.Debug|Any CPU.ActiveCfg = Debug|Any CPU
		{EB174194-D4F2-415B-9806-8719A24CB6F3}.Debug|Any CPU.Build.0 = Debug|Any CPU
		{EB174194-D4F2-415B-9806-8719A24CB6F3}.Debug|x64.ActiveCfg = Debug|Any CPU
		{EB174194-D4F2-415B-9806-8719A24CB6F3}.Debug|x64.Build.0 = Debug|Any CPU
		{EB174194-D4F2-415B-9806-8719A24CB6F3}.Debug|x86.ActiveCfg = Debug|Any CPU
		{EB174194-D4F2-415B-9806-8719A24CB6F3}.Debug|x86.Build.0 = Debug|Any CPU
		{EB174194-D4F2-415B-9806-8719A24CB6F3}.Release|Any CPU.ActiveCfg = Release|Any CPU
		{EB174194-D4F2-415B-9806-8719A24CB6F3}.Release|Any CPU.Build.0 = Release|Any CPU
		{EB174194-D4F2-415B-9806-8719A24CB6F3}.Release|x64.ActiveCfg = Release|Any CPU
		{EB174194-D4F2-415B-9806-8719A24CB6F3}.Release|x64.Build.0 = Release|Any CPU
		{EB174194-D4F2-415B-9806-8719A24CB6F3}.Release|x86.ActiveCfg = Release|Any CPU
		{EB174194-D4F2-415B-9806-8719A24CB6F3}.Release|x86.Build.0 = Release|Any CPU
		{CCD39EBA-7ABD-4BB7-843C-28790157FCB6}.Debug|Any CPU.ActiveCfg = Debug|Any CPU
		{CCD39EBA-7ABD-4BB7-843C-28790157FCB6}.Debug|Any CPU.Build.0 = Debug|Any CPU
		{CCD39EBA-7ABD-4BB7-843C-28790157FCB6}.Debug|x64.ActiveCfg = Debug|Any CPU
		{CCD39EBA-7ABD-4BB7-843C-28790157FCB6}.Debug|x64.Build.0 = Debug|Any CPU
		{CCD39EBA-7ABD-4BB7-843C-28790157FCB6}.Debug|x86.ActiveCfg = Debug|Any CPU
		{CCD39EBA-7ABD-4BB7-843C-28790157FCB6}.Debug|x86.Build.0 = Debug|Any CPU
		{CCD39EBA-7ABD-4BB7-843C-28790157FCB6}.Release|Any CPU.ActiveCfg = Release|Any CPU
		{CCD39EBA-7ABD-4BB7-843C-28790157FCB6}.Release|Any CPU.Build.0 = Release|Any CPU
		{CCD39EBA-7ABD-4BB7-843C-28790157FCB6}.Release|x64.ActiveCfg = Release|Any CPU
		{CCD39EBA-7ABD-4BB7-843C-28790157FCB6}.Release|x64.Build.0 = Release|Any CPU
		{CCD39EBA-7ABD-4BB7-843C-28790157FCB6}.Release|x86.ActiveCfg = Release|Any CPU
		{CCD39EBA-7ABD-4BB7-843C-28790157FCB6}.Release|x86.Build.0 = Release|Any CPU
	EndGlobalSection
	GlobalSection(SolutionProperties) = preSolution
		HideSolutionNode = FALSE
	EndGlobalSection
	GlobalSection(NestedProjects) = preSolution
		{1B840BDB-94DB-4594-911C-9EF11C69DC80} = {827E0CD3-B72D-47B6-A68D-7590B98EB39B}
		{EB174194-D4F2-415B-9806-8719A24CB6F3} = {827E0CD3-B72D-47B6-A68D-7590B98EB39B}
		{CCD39EBA-7ABD-4BB7-843C-28790157FCB6} = {0AB3BF05-4346-4AA6-1389-037BE0695223}
	EndGlobalSection
EndGlobal
